// !$*UTF8*$!
{
	archiveVersion = 1;
	classes = {
	};
	objectVersion = 56;
	objects = {

/* Begin PBXBuildFile section */
		031A0F2C2907AA12000ACB4E /* Home.storyboard in Resources */ = {isa = PBXBuildFile; fileRef = 031A0F2B2907AA12000ACB4E /* Home.storyboard */; };
		031A0F2F2907B0F4000ACB4E /* userInfo.swift in Sources */ = {isa = PBXBuildFile; fileRef = 031A0F2E2907B0F4000ACB4E /* userInfo.swift */; };
		036F7EFD2907992800CD0456 /* AppDelegate.swift in Sources */ = {isa = PBXBuildFile; fileRef = 036F7EFC2907992800CD0456 /* AppDelegate.swift */; };
		036F7EFF2907992800CD0456 /* SceneDelegate.swift in Sources */ = {isa = PBXBuildFile; fileRef = 036F7EFE2907992800CD0456 /* SceneDelegate.swift */; };
		036F7F012907992800CD0456 /* ViewController.swift in Sources */ = {isa = PBXBuildFile; fileRef = 036F7F002907992800CD0456 /* ViewController.swift */; };
		036F7F042907992800CD0456 /* Main.storyboard in Resources */ = {isa = PBXBuildFile; fileRef = 036F7F022907992800CD0456 /* Main.storyboard */; };
		036F7F062907992900CD0456 /* Assets.xcassets in Resources */ = {isa = PBXBuildFile; fileRef = 036F7F052907992900CD0456 /* Assets.xcassets */; };
		036F7F092907992900CD0456 /* LaunchScreen.storyboard in Resources */ = {isa = PBXBuildFile; fileRef = 036F7F072907992900CD0456 /* LaunchScreen.storyboard */; };
		03F3338D2907A98A003BB344 /* HomeViewController.swift in Sources */ = {isa = PBXBuildFile; fileRef = 03F3338C2907A98A003BB344 /* HomeViewController.swift */; };
		0797970E2777E370143AAD54 /* Pods_KakaoLogin.framework in Frameworks */ = {isa = PBXBuildFile; fileRef = 2E7B3BD52111F77FB41DE8AE /* Pods_KakaoLogin.framework */; };
/* End PBXBuildFile section */

/* Begin PBXFileReference section */
		031A0F2B2907AA12000ACB4E /* Home.storyboard */ = {isa = PBXFileReference; lastKnownFileType = file.storyboard; path = Home.storyboard; sourceTree = "<group>"; };
		031A0F2E2907B0F4000ACB4E /* userInfo.swift */ = {isa = PBXFileReference; lastKnownFileType = sourcecode.swift; path = userInfo.swift; sourceTree = "<group>"; };
		036F7EF92907992800CD0456 /* KakaoLogin.app */ = {isa = PBXFileReference; explicitFileType = wrapper.application; includeInIndex = 0; path = KakaoLogin.app; sourceTree = BUILT_PRODUCTS_DIR; };
		036F7EFC2907992800CD0456 /* AppDelegate.swift */ = {isa = PBXFileReference; lastKnownFileType = sourcecode.swift; path = AppDelegate.swift; sourceTree = "<group>"; };
		036F7EFE2907992800CD0456 /* SceneDelegate.swift */ = {isa = PBXFileReference; lastKnownFileType = sourcecode.swift; path = SceneDelegate.swift; sourceTree = "<group>"; };
		036F7F002907992800CD0456 /* ViewController.swift */ = {isa = PBXFileReference; lastKnownFileType = sourcecode.swift; path = ViewController.swift; sourceTree = "<group>"; };
		036F7F032907992800CD0456 /* Base */ = {isa = PBXFileReference; lastKnownFileType = file.storyboard; name = Base; path = Base.lproj/Main.storyboard; sourceTree = "<group>"; };
		036F7F052907992900CD0456 /* Assets.xcassets */ = {isa = PBXFileReference; lastKnownFileType = folder.assetcatalog; path = Assets.xcassets; sourceTree = "<group>"; };
		036F7F082907992900CD0456 /* Base */ = {isa = PBXFileReference; lastKnownFileType = file.storyboard; name = Base; path = Base.lproj/LaunchScreen.storyboard; sourceTree = "<group>"; };
		036F7F0A2907992900CD0456 /* Info.plist */ = {isa = PBXFileReference; lastKnownFileType = text.plist.xml; path = Info.plist; sourceTree = "<group>"; };
		03F3338C2907A98A003BB344 /* HomeViewController.swift */ = {isa = PBXFileReference; lastKnownFileType = sourcecode.swift; path = HomeViewController.swift; sourceTree = "<group>"; };
		15AE7583EB5D440DA71776BA /* Pods-KakaoLogin.debug.xcconfig */ = {isa = PBXFileReference; includeInIndex = 1; lastKnownFileType = text.xcconfig; name = "Pods-KakaoLogin.debug.xcconfig"; path = "Target Support Files/Pods-KakaoLogin/Pods-KakaoLogin.debug.xcconfig"; sourceTree = "<group>"; };
		2E7B3BD52111F77FB41DE8AE /* Pods_KakaoLogin.framework */ = {isa = PBXFileReference; explicitFileType = wrapper.framework; includeInIndex = 0; path = Pods_KakaoLogin.framework; sourceTree = BUILT_PRODUCTS_DIR; };
		C7AE85427AA3F8CE8E646FA9 /* Pods-KakaoLogin.release.xcconfig */ = {isa = PBXFileReference; includeInIndex = 1; lastKnownFileType = text.xcconfig; name = "Pods-KakaoLogin.release.xcconfig"; path = "Target Support Files/Pods-KakaoLogin/Pods-KakaoLogin.release.xcconfig"; sourceTree = "<group>"; };
/* End PBXFileReference section */

/* Begin PBXFrameworksBuildPhase section */
		036F7EF62907992800CD0456 /* Frameworks */ = {
			isa = PBXFrameworksBuildPhase;
			buildActionMask = 2147483647;
			files = (
				0797970E2777E370143AAD54 /* Pods_KakaoLogin.framework in Frameworks */,
			);
			runOnlyForDeploymentPostprocessing = 0;
		};
/* End PBXFrameworksBuildPhase section */

/* Begin PBXGroup section */
		031A0F2D2907B0EA000ACB4E /* Models */ = {
			isa = PBXGroup;
			children = (
				031A0F2E2907B0F4000ACB4E /* userInfo.swift */,
			);
			path = Models;
			sourceTree = "<group>";
		};
		036F7EF02907992800CD0456 = {
			isa = PBXGroup;
			children = (
				036F7EFB2907992800CD0456 /* KakaoLogin */,
				036F7EFA2907992800CD0456 /* Products */,
				B6D910AF2B1D05896A41E7F0 /* Pods */,
				89C18014463C503AD80E119E /* Frameworks */,
			);
			sourceTree = "<group>";
		};
		036F7EFA2907992800CD0456 /* Products */ = {
			isa = PBXGroup;
			children = (
				036F7EF92907992800CD0456 /* KakaoLogin.app */,
			);
			name = Products;
			sourceTree = "<group>";
		};
		036F7EFB2907992800CD0456 /* KakaoLogin */ = {
			isa = PBXGroup;
			children = (
				031A0F2D2907B0EA000ACB4E /* Models */,
				03F333902907A9D4003BB344 /* Views */,
				03F3338F2907A9C2003BB344 /* Resources */,
				03F3338E2907A998003BB344 /* Controllers */,
				036F7F052907992900CD0456 /* Assets.xcassets */,
				036F7F0A2907992900CD0456 /* Info.plist */,
			);
			path = KakaoLogin;
			sourceTree = "<group>";
		};
		03F3338E2907A998003BB344 /* Controllers */ = {
			isa = PBXGroup;
			children = (
				036F7F002907992800CD0456 /* ViewController.swift */,
				03F3338C2907A98A003BB344 /* HomeViewController.swift */,
			);
			name = Controllers;
			sourceTree = "<group>";
		};
		03F3338F2907A9C2003BB344 /* Resources */ = {
			isa = PBXGroup;
			children = (
				036F7EFC2907992800CD0456 /* AppDelegate.swift */,
				036F7EFE2907992800CD0456 /* SceneDelegate.swift */,
				036F7F072907992900CD0456 /* LaunchScreen.storyboard */,
			);
			path = Resources;
			sourceTree = "<group>";
		};
		03F333902907A9D4003BB344 /* Views */ = {
			isa = PBXGroup;
			children = (
				036F7F022907992800CD0456 /* Main.storyboard */,
				031A0F2B2907AA12000ACB4E /* Home.storyboard */,
			);
			path = Views;
			sourceTree = "<group>";
		};
		89C18014463C503AD80E119E /* Frameworks */ = {
			isa = PBXGroup;
			children = (
				2E7B3BD52111F77FB41DE8AE /* Pods_KakaoLogin.framework */,
			);
			name = Frameworks;
			sourceTree = "<group>";
		};
		B6D910AF2B1D05896A41E7F0 /* Pods */ = {
			isa = PBXGroup;
			children = (
				15AE7583EB5D440DA71776BA /* Pods-KakaoLogin.debug.xcconfig */,
				C7AE85427AA3F8CE8E646FA9 /* Pods-KakaoLogin.release.xcconfig */,
			);
			path = Pods;
			sourceTree = "<group>";
		};
/* End PBXGroup section */

/* Begin PBXNativeTarget section */
		036F7EF82907992800CD0456 /* KakaoLogin */ = {
			isa = PBXNativeTarget;
			buildConfigurationList = 036F7F0D2907992900CD0456 /* Build configuration list for PBXNativeTarget "KakaoLogin" */;
			buildPhases = (
				E1A0D21A69545E3076F22CC8 /* [CP] Check Pods Manifest.lock */,
				036F7EF52907992800CD0456 /* Sources */,
				036F7EF62907992800CD0456 /* Frameworks */,
				036F7EF72907992800CD0456 /* Resources */,
				DEF4EC76589166FA52B5A8F5 /* [CP] Embed Pods Frameworks */,
			);
			buildRules = (
			);
			dependencies = (
			);
			name = KakaoLogin;
			productName = KakaoLogin;
			productReference = 036F7EF92907992800CD0456 /* KakaoLogin.app */;
			productType = "com.apple.product-type.application";
		};
/* End PBXNativeTarget section */

/* Begin PBXProject section */
		036F7EF12907992800CD0456 /* Project object */ = {
			isa = PBXProject;
			attributes = {
				BuildIndependentTargetsInParallel = 1;
				LastSwiftUpdateCheck = 1400;
				LastUpgradeCheck = 1400;
				TargetAttributes = {
					036F7EF82907992800CD0456 = {
						CreatedOnToolsVersion = 14.0.1;
					};
				};
			};
			buildConfigurationList = 036F7EF42907992800CD0456 /* Build configuration list for PBXProject "KakaoLogin" */;
			compatibilityVersion = "Xcode 14.0";
			developmentRegion = en;
			hasScannedForEncodings = 0;
			knownRegions = (
				en,
				Base,
			);
			mainGroup = 036F7EF02907992800CD0456;
			productRefGroup = 036F7EFA2907992800CD0456 /* Products */;
			projectDirPath = "";
			projectRoot = "";
			targets = (
				036F7EF82907992800CD0456 /* KakaoLogin */,
			);
		};
/* End PBXProject section */

/* Begin PBXResourcesBuildPhase section */
		036F7EF72907992800CD0456 /* Resources */ = {
			isa = PBXResourcesBuildPhase;
			buildActionMask = 2147483647;
			files = (
				036F7F092907992900CD0456 /* LaunchScreen.storyboard in Resources */,
				036F7F062907992900CD0456 /* Assets.xcassets in Resources */,
				036F7F042907992800CD0456 /* Main.storyboard in Resources */,
				031A0F2C2907AA12000ACB4E /* Home.storyboard in Resources */,
			);
			runOnlyForDeploymentPostprocessing = 0;
		};
/* End PBXResourcesBuildPhase section */

/* Begin PBXShellScriptBuildPhase section */
		DEF4EC76589166FA52B5A8F5 /* [CP] Embed Pods Frameworks */ = {
			isa = PBXShellScriptBuildPhase;
			buildActionMask = 2147483647;
			files = (
			);
			inputFileListPaths = (
				"${PODS_ROOT}/Target Support Files/Pods-KakaoLogin/Pods-KakaoLogin-frameworks-${CONFIGURATION}-input-files.xcfilelist",
			);
			name = "[CP] Embed Pods Frameworks";
			outputFileListPaths = (
				"${PODS_ROOT}/Target Support Files/Pods-KakaoLogin/Pods-KakaoLogin-frameworks-${CONFIGURATION}-output-files.xcfilelist",
			);
			runOnlyForDeploymentPostprocessing = 0;
			shellPath = /bin/sh;
			shellScript = "\"${PODS_ROOT}/Target Support Files/Pods-KakaoLogin/Pods-KakaoLogin-frameworks.sh\"\n";
			showEnvVarsInLog = 0;
		};
		E1A0D21A69545E3076F22CC8 /* [CP] Check Pods Manifest.lock */ = {
			isa = PBXShellScriptBuildPhase;
			buildActionMask = 2147483647;
			files = (
			);
			inputFileListPaths = (
			);
			inputPaths = (
				"${PODS_PODFILE_DIR_PATH}/Podfile.lock",
				"${PODS_ROOT}/Manifest.lock",
			);
			name = "[CP] Check Pods Manifest.lock";
			outputFileListPaths = (
			);
			outputPaths = (
				"$(DERIVED_FILE_DIR)/Pods-KakaoLogin-checkManifestLockResult.txt",
			);
			runOnlyForDeploymentPostprocessing = 0;
			shellPath = /bin/sh;
			shellScript = "diff \"${PODS_PODFILE_DIR_PATH}/Podfile.lock\" \"${PODS_ROOT}/Manifest.lock\" > /dev/null\nif [ $? != 0 ] ; then\n    # print error to STDERR\n    echo \"error: The sandbox is not in sync with the Podfile.lock. Run 'pod install' or update your CocoaPods installation.\" >&2\n    exit 1\nfi\n# This output is used by Xcode 'outputs' to avoid re-running this script phase.\necho \"SUCCESS\" > \"${SCRIPT_OUTPUT_FILE_0}\"\n";
			showEnvVarsInLog = 0;
		};
/* End PBXShellScriptBuildPhase section */

/* Begin PBXSourcesBuildPhase section */
		036F7EF52907992800CD0456 /* Sources */ = {
			isa = PBXSourcesBuildPhase;
			buildActionMask = 2147483647;
			files = (
				036F7F012907992800CD0456 /* ViewController.swift in Sources */,
				036F7EFD2907992800CD0456 /* AppDelegate.swift in Sources */,
				036F7EFF2907992800CD0456 /* SceneDelegate.swift in Sources */,
				031A0F2F2907B0F4000ACB4E /* userInfo.swift in Sources */,
				03F3338D2907A98A003BB344 /* HomeViewController.swift in Sources */,
			);
			runOnlyForDeploymentPostprocessing = 0;
		};
/* End PBXSourcesBuildPhase section */

/* Begin PBXVariantGroup section */
		036F7F022907992800CD0456 /* Main.storyboard */ = {
			isa = PBXVariantGroup;
			children = (
				036F7F032907992800CD0456 /* Base */,
			);
			name = Main.storyboard;
			sourceTree = "<group>";
		};
		036F7F072907992900CD0456 /* LaunchScreen.storyboard */ = {
			isa = PBXVariantGroup;
			children = (
				036F7F082907992900CD0456 /* Base */,
			);
			name = LaunchScreen.storyboard;
			sourceTree = "<group>";
		};
/* End PBXVariantGroup section */

/* Begin XCBuildConfiguration section */
		036F7F0B2907992900CD0456 /* Debug */ = {
			isa = XCBuildConfiguration;
			buildSettings = {
				ALWAYS_SEARCH_USER_PATHS = NO;
				CLANG_ANALYZER_NONNULL = YES;
				CLANG_ANALYZER_NUMBER_OBJECT_CONVERSION = YES_AGGRESSIVE;
				CLANG_CXX_LANGUAGE_STANDARD = "gnu++20";
				CLANG_ENABLE_MODULES = YES;
				CLANG_ENABLE_OBJC_ARC = YES;
				CLANG_ENABLE_OBJC_WEAK = YES;
				CLANG_WARN_BLOCK_CAPTURE_AUTORELEASING = YES;
				CLANG_WARN_BOOL_CONVERSION = YES;
				CLANG_WARN_COMMA = YES;
				CLANG_WARN_CONSTANT_CONVERSION = YES;
				CLANG_WARN_DEPRECATED_OBJC_IMPLEMENTATIONS = YES;
				CLANG_WARN_DIRECT_OBJC_ISA_USAGE = YES_ERROR;
				CLANG_WARN_DOCUMENTATION_COMMENTS = YES;
				CLANG_WARN_EMPTY_BODY = YES;
				CLANG_WARN_ENUM_CONVERSION = YES;
				CLANG_WARN_INFINITE_RECURSION = YES;
				CLANG_WARN_INT_CONVERSION = YES;
				CLANG_WARN_NON_LITERAL_NULL_CONVERSION = YES;
				CLANG_WARN_OBJC_IMPLICIT_RETAIN_SELF = YES;
				CLANG_WARN_OBJC_LITERAL_CONVERSION = YES;
				CLANG_WARN_OBJC_ROOT_CLASS = YES_ERROR;
				CLANG_WARN_QUOTED_INCLUDE_IN_FRAMEWORK_HEADER = YES;
				CLANG_WARN_RANGE_LOOP_ANALYSIS = YES;
				CLANG_WARN_STRICT_PROTOTYPES = YES;
				CLANG_WARN_SUSPICIOUS_MOVE = YES;
				CLANG_WARN_UNGUARDED_AVAILABILITY = YES_AGGRESSIVE;
				CLANG_WARN_UNREACHABLE_CODE = YES;
				CLANG_WARN__DUPLICATE_METHOD_MATCH = YES;
				COPY_PHASE_STRIP = NO;
				DEBUG_INFORMATION_FORMAT = dwarf;
				ENABLE_STRICT_OBJC_MSGSEND = YES;
				ENABLE_TESTABILITY = YES;
				GCC_C_LANGUAGE_STANDARD = gnu11;
				GCC_DYNAMIC_NO_PIC = NO;
				GCC_NO_COMMON_BLOCKS = YES;
				GCC_OPTIMIZATION_LEVEL = 0;
				GCC_PREPROCESSOR_DEFINITIONS = (
					"DEBUG=1",
					"$(inherited)",
				);
				GCC_WARN_64_TO_32_BIT_CONVERSION = YES;
				GCC_WARN_ABOUT_RETURN_TYPE = YES_ERROR;
				GCC_WARN_UNDECLARED_SELECTOR = YES;
				GCC_WARN_UNINITIALIZED_AUTOS = YES_AGGRESSIVE;
				GCC_WARN_UNUSED_FUNCTION = YES;
				GCC_WARN_UNUSED_VARIABLE = YES;
				IPHONEOS_DEPLOYMENT_TARGET = 16.0;
				MTL_ENABLE_DEBUG_INFO = INCLUDE_SOURCE;
				MTL_FAST_MATH = YES;
				ONLY_ACTIVE_ARCH = YES;
				SDKROOT = iphoneos;
				SWIFT_ACTIVE_COMPILATION_CONDITIONS = DEBUG;
				SWIFT_OPTIMIZATION_LEVEL = "-Onone";
			};
			name = Debug;
		};
		036F7F0C2907992900CD0456 /* Release */ = {
			isa = XCBuildConfiguration;
			buildSettings = {
				ALWAYS_SEARCH_USER_PATHS = NO;
				CLANG_ANALYZER_NONNULL = YES;
				CLANG_ANALYZER_NUMBER_OBJECT_CONVERSION = YES_AGGRESSIVE;
				CLANG_CXX_LANGUAGE_STANDARD = "gnu++20";
				CLANG_ENABLE_MODULES = YES;
				CLANG_ENABLE_OBJC_ARC = YES;
				CLANG_ENABLE_OBJC_WEAK = YES;
				CLANG_WARN_BLOCK_CAPTURE_AUTORELEASING = YES;
				CLANG_WARN_BOOL_CONVERSION = YES;
				CLANG_WARN_COMMA = YES;
				CLANG_WARN_CONSTANT_CONVERSION = YES;
				CLANG_WARN_DEPRECATED_OBJC_IMPLEMENTATIONS = YES;
				CLANG_WARN_DIRECT_OBJC_ISA_USAGE = YES_ERROR;
				CLANG_WARN_DOCUMENTATION_COMMENTS = YES;
				CLANG_WARN_EMPTY_BODY = YES;
				CLANG_WARN_ENUM_CONVERSION = YES;
				CLANG_WARN_INFINITE_RECURSION = YES;
				CLANG_WARN_INT_CONVERSION = YES;
				CLANG_WARN_NON_LITERAL_NULL_CONVERSION = YES;
				CLANG_WARN_OBJC_IMPLICIT_RETAIN_SELF = YES;
				CLANG_WARN_OBJC_LITERAL_CONVERSION = YES;
				CLANG_WARN_OBJC_ROOT_CLASS = YES_ERROR;
				CLANG_WARN_QUOTED_INCLUDE_IN_FRAMEWORK_HEADER = YES;
				CLANG_WARN_RANGE_LOOP_ANALYSIS = YES;
				CLANG_WARN_STRICT_PROTOTYPES = YES;
				CLANG_WARN_SUSPICIOUS_MOVE = YES;
				CLANG_WARN_UNGUARDED_AVAILABILITY = YES_AGGRESSIVE;
				CLANG_WARN_UNREACHABLE_CODE = YES;
				CLANG_WARN__DUPLICATE_METHOD_MATCH = YES;
				COPY_PHASE_STRIP = NO;
				DEBUG_INFORMATION_FORMAT = "dwarf-with-dsym";
				ENABLE_NS_ASSERTIONS = NO;
				ENABLE_STRICT_OBJC_MSGSEND = YES;
				GCC_C_LANGUAGE_STANDARD = gnu11;
				GCC_NO_COMMON_BLOCKS = YES;
				GCC_WARN_64_TO_32_BIT_CONVERSION = YES;
				GCC_WARN_ABOUT_RETURN_TYPE = YES_ERROR;
				GCC_WARN_UNDECLARED_SELECTOR = YES;
				GCC_WARN_UNINITIALIZED_AUTOS = YES_AGGRESSIVE;
				GCC_WARN_UNUSED_FUNCTION = YES;
				GCC_WARN_UNUSED_VARIABLE = YES;
				IPHONEOS_DEPLOYMENT_TARGET = 16.0;
				MTL_ENABLE_DEBUG_INFO = NO;
				MTL_FAST_MATH = YES;
				SDKROOT = iphoneos;
				SWIFT_COMPILATION_MODE = wholemodule;
				SWIFT_OPTIMIZATION_LEVEL = "-O";
				VALIDATE_PRODUCT = YES;
			};
			name = Release;
		};
		036F7F0E2907992900CD0456 /* Debug */ = {
			isa = XCBuildConfiguration;
			baseConfigurationReference = 15AE7583EB5D440DA71776BA /* Pods-KakaoLogin.debug.xcconfig */;
			buildSettings = {
				ASSETCATALOG_COMPILER_APPICON_NAME = AppIcon;
				ASSETCATALOG_COMPILER_GLOBAL_ACCENT_COLOR_NAME = AccentColor;
				CODE_SIGN_STYLE = Automatic;
				CURRENT_PROJECT_VERSION = 1;
				DEVELOPMENT_TEAM = NMC6ZX3X68;
				GENERATE_INFOPLIST_FILE = YES;
				INFOPLIST_FILE = KakaoLogin/Info.plist;
				INFOPLIST_KEY_UIApplicationSupportsIndirectInputEvents = YES;
				INFOPLIST_KEY_UILaunchStoryboardName = LaunchScreen;
				INFOPLIST_KEY_UIMainStoryboardFile = Main;
				INFOPLIST_KEY_UISupportedInterfaceOrientations_iPad = "UIInterfaceOrientationPortrait UIInterfaceOrientationPortraitUpsideDown UIInterfaceOrientationLandscapeLeft UIInterfaceOrientationLandscapeRight";
				INFOPLIST_KEY_UISupportedInterfaceOrientations_iPhone = "UIInterfaceOrientationPortrait UIInterfaceOrientationLandscapeLeft UIInterfaceOrientationLandscapeRight";
				LD_RUNPATH_SEARCH_PATHS = (
					"$(inherited)",
					"@executable_path/Frameworks",
				);
				MARKETING_VERSION = 1.0;
				PRODUCT_BUNDLE_IDENTIFIER = oyejin.KakaoLogin;
				PRODUCT_NAME = "$(TARGET_NAME)";
				SWIFT_EMIT_LOC_STRINGS = YES;
				SWIFT_VERSION = 5.0;
				TARGETED_DEVICE_FAMILY = "1,2";
			};
			name = Debug;
		};
		036F7F0F2907992900CD0456 /* Release */ = {
			isa = XCBuildConfiguration;
			baseConfigurationReference = C7AE85427AA3F8CE8E646FA9 /* Pods-KakaoLogin.release.xcconfig */;
			buildSettings = {
				ASSETCATALOG_COMPILER_APPICON_NAME = AppIcon;
				ASSETCATALOG_COMPILER_GLOBAL_ACCENT_COLOR_NAME = AccentColor;
				CODE_SIGN_STYLE = Automatic;
				CURRENT_PROJECT_VERSION = 1;
				DEVELOPMENT_TEAM = NMC6ZX3X68;
				GENERATE_INFOPLIST_FILE = YES;
				INFOPLIST_FILE = KakaoLogin/Info.plist;
				INFOPLIST_KEY_UIApplicationSupportsIndirectInputEvents = YES;
				INFOPLIST_KEY_UILaunchStoryboardName = LaunchScreen;
				INFOPLIST_KEY_UIMainStoryboardFile = Main;
				INFOPLIST_KEY_UISupportedInterfaceOrientations_iPad = "UIInterfaceOrientationPortrait UIInterfaceOrientationPortraitUpsideDown UIInterfaceOrientationLandscapeLeft UIInterfaceOrientationLandscapeRight";
				INFOPLIST_KEY_UISupportedInterfaceOrientations_iPhone = "UIInterfaceOrientationPortrait UIInterfaceOrientationLandscapeLeft UIInterfaceOrientationLandscapeRight";
				LD_RUNPATH_SEARCH_PATHS = (
					"$(inherited)",
					"@executable_path/Frameworks",
				);
				MARKETING_VERSION = 1.0;
				PRODUCT_BUNDLE_IDENTIFIER = oyejin.KakaoLogin;
				PRODUCT_NAME = "$(TARGET_NAME)";
				SWIFT_EMIT_LOC_STRINGS = YES;
				SWIFT_VERSION = 5.0;
				TARGETED_DEVICE_FAMILY = "1,2";
			};
			name = Release;
		};
/* End XCBuildConfiguration section */

/* Begin XCConfigurationList section */
		036F7EF42907992800CD0456 /* Build configuration list for PBXProject "KakaoLogin" */ = {
			isa = XCConfigurationList;
			buildConfigurations = (
				036F7F0B2907992900CD0456 /* Debug */,
				036F7F0C2907992900CD0456 /* Release */,
			);
			defaultConfigurationIsVisible = 0;
			defaultConfigurationName = Release;
		};
		036F7F0D2907992900CD0456 /* Build configuration list for PBXNativeTarget "KakaoLogin" */ = {
			isa = XCConfigurationList;
			buildConfigurations = (
				036F7F0E2907992900CD0456 /* Debug */,
				036F7F0F2907992900CD0456 /* Release */,
			);
			defaultConfigurationIsVisible = 0;
			defaultConfigurationName = Release;
		};
/* End XCConfigurationList section */
	};
	rootObject = 036F7EF12907992800CD0456 /* Project object */;
}
