PODS:
  - youtube-ios-player-helper (1.0.4)
  - YoutubePlayer-in-WKWebView (0.3.8)

DEPENDENCIES:
  - youtube-ios-player-helper
  - YoutubePlayer-in-WKWebView (~> 0.3.0)

SPEC REPOS:
  trunk:
    - youtube-ios-player-helper
    - YoutubePlayer-in-WKWebView

SPEC CHECKSUMS:
  youtube-ios-player-helper: e9b97535e816db3152179d84d999bc1807ecd689
  YoutubePlayer-in-WKWebView: 4fca3b4f6f09940077bfbae7bddb771f2b43aacd

PODFILE CHECKSUM: ebc8f6a56f67462f3c9e4cfe14e2ffca06555a3f

COCOAPODS: 1.11.3
